
Microsoft Visual Studio Solution File, Format Version 12.00
Project("{2150E333-8FDC-42A3-9474-1A3956D46DE8}") = "src", "src", "{9BDEF105-2E96-436D-9900-37FC6862A278}"
EndProject
Project("{FAE04EC0-301F-11D3-BF4B-00C04F79EFBC}") = "Frete.Domain", "Frete.Domain\Frete.Domain.csproj", "{7F4D1974-625A-4773-8A41-20B0DD0DA06F}"
EndProject
Project("{FAE04EC0-301F-11D3-BF4B-00C04F79EFBC}") = "Frete.Application", "Frete.Application\Frete.Application.csproj", "{013B730B-826B-4F5F-886A-8A65555C50FC}"
EndProject
Project("{FAE04EC0-301F-11D3-BF4B-00C04F79EFBC}") = "Frete.Infra", "Frete.Infra\Frete.Infra.csproj", "{B2F73FC8-E257-4A8A-B94D-60F78CBD758E}"
EndProject
Project("{FAE04EC0-301F-11D3-BF4B-00C04F79EFBC}") = "Frete.Api", "Frete.Api\Frete.Api.csproj", "{F11FCAA6-C84C-414A-B2B0-0D9265907065}"
EndProject
Project("{FAE04EC0-301F-11D3-BF4B-00C04F79EFBC}") = "Frete.Tests", "Frete.Tests\Frete.Tests.csproj", "{04418089-A0BA-41F9-B842-3E4E569EE591}"
EndProject
Global
	GlobalSection(SolutionConfigurationPlatforms) = preSolution
		Debug|Any CPU = Debug|Any CPU
		Release|Any CPU = Release|Any CPU
	EndGlobalSection
	GlobalSection(NestedProjects) = preSolution
		{7F4D1974-625A-4773-8A41-20B0DD0DA06F} = {9BDEF105-2E96-436D-9900-37FC6862A278}
		{013B730B-826B-4F5F-886A-8A65555C50FC} = {9BDEF105-2E96-436D-9900-37FC6862A278}
		{B2F73FC8-E257-4A8A-B94D-60F78CBD758E} = {9BDEF105-2E96-436D-9900-37FC6862A278}
		{F11FCAA6-C84C-414A-B2B0-0D9265907065} = {9BDEF105-2E96-436D-9900-37FC6862A278}
		{04418089-A0BA-41F9-B842-3E4E569EE591} = {9BDEF105-2E96-436D-9900-37FC6862A278}
	EndGlobalSection
	GlobalSection(ProjectConfigurationPlatforms) = postSolution
		{7F4D1974-625A-4773-8A41-20B0DD0DA06F}.Debug|Any CPU.ActiveCfg = Debug|Any CPU
		{7F4D1974-625A-4773-8A41-20B0DD0DA06F}.Debug|Any CPU.Build.0 = Debug|Any CPU
		{7F4D1974-625A-4773-8A41-20B0DD0DA06F}.Release|Any CPU.ActiveCfg = Release|Any CPU
		{7F4D1974-625A-4773-8A41-20B0DD0DA06F}.Release|Any CPU.Build.0 = Release|Any CPU
		{013B730B-826B-4F5F-886A-8A65555C50FC}.Debug|Any CPU.ActiveCfg = Debug|Any CPU
		{013B730B-826B-4F5F-886A-8A65555C50FC}.Debug|Any CPU.Build.0 = Debug|Any CPU
		{013B730B-826B-4F5F-886A-8A65555C50FC}.Release|Any CPU.ActiveCfg = Release|Any CPU
		{013B730B-826B-4F5F-886A-8A65555C50FC}.Release|Any CPU.Build.0 = Release|Any CPU
		{B2F73FC8-E257-4A8A-B94D-60F78CBD758E}.Debug|Any CPU.ActiveCfg = Debug|Any CPU
		{B2F73FC8-E257-4A8A-B94D-60F78CBD758E}.Debug|Any CPU.Build.0 = Debug|Any CPU
		{B2F73FC8-E257-4A8A-B94D-60F78CBD758E}.Release|Any CPU.ActiveCfg = Release|Any CPU
		{B2F73FC8-E257-4A8A-B94D-60F78CBD758E}.Release|Any CPU.Build.0 = Release|Any CPU
		{F11FCAA6-C84C-414A-B2B0-0D9265907065}.Debug|Any CPU.ActiveCfg = Debug|Any CPU
		{F11FCAA6-C84C-414A-B2B0-0D9265907065}.Debug|Any CPU.Build.0 = Debug|Any CPU
		{F11FCAA6-C84C-414A-B2B0-0D9265907065}.Release|Any CPU.ActiveCfg = Release|Any CPU
		{F11FCAA6-C84C-414A-B2B0-0D9265907065}.Release|Any CPU.Build.0 = Release|Any CPU
		{04418089-A0BA-41F9-B842-3E4E569EE591}.Debug|Any CPU.ActiveCfg = Debug|Any CPU
		{04418089-A0BA-41F9-B842-3E4E569EE591}.Debug|Any CPU.Build.0 = Debug|Any CPU
		{04418089-A0BA-41F9-B842-3E4E569EE591}.Release|Any CPU.ActiveCfg = Release|Any CPU
		{04418089-A0BA-41F9-B842-3E4E569EE591}.Release|Any CPU.Build.0 = Release|Any CPU
	EndGlobalSection
EndGlobal
